// !$*UTF8*$!
{
	archiveVersion = 1;
	classes = {
	};
	objectVersion = 56;
	objects = {

/* Begin PBXBuildFile section */
		B694F54C2C42418000D7B12F /* goaroundApp.swift in Sources */ = {isa = PBXBuildFile; fileRef = B694F54B2C42418000D7B12F /* goaroundApp.swift */; };
		B694F54E2C42418000D7B12F /* ContentView.swift in Sources */ = {isa = PBXBuildFile; fileRef = B694F54D2C42418000D7B12F /* ContentView.swift */; };
		B694F5502C42418200D7B12F /* Assets.xcassets in Resources */ = {isa = PBXBuildFile; fileRef = B694F54F2C42418200D7B12F /* Assets.xcassets */; };
		B694F5532C42418200D7B12F /* Preview Assets.xcassets in Resources */ = {isa = PBXBuildFile; fileRef = B694F5522C42418200D7B12F /* Preview Assets.xcassets */; };
		B694F55D2C42418200D7B12F /* goaroundTests.swift in Sources */ = {isa = PBXBuildFile; fileRef = B694F55C2C42418200D7B12F /* goaroundTests.swift */; };
		B694F5672C42418200D7B12F /* goaroundUITests.swift in Sources */ = {isa = PBXBuildFile; fileRef = B694F5662C42418200D7B12F /* goaroundUITests.swift */; };
		B694F5692C42418200D7B12F /* goaroundUITestsLaunchTests.swift in Sources */ = {isa = PBXBuildFile; fileRef = B694F5682C42418200D7B12F /* goaroundUITestsLaunchTests.swift */; };
		B694F5762C4242DD00D7B12F /* WebView.swift in Sources */ = {isa = PBXBuildFile; fileRef = B694F5752C4242DD00D7B12F /* WebView.swift */; };
		B694F5782C4243FF00D7B12F /* SettingsView.swift in Sources */ = {isa = PBXBuildFile; fileRef = B694F5772C4243FF00D7B12F /* SettingsView.swift */; };
		B694F57A2C427B5800D7B12F /* ContentViewSwitcher.swift in Sources */ = {isa = PBXBuildFile; fileRef = B694F5792C427B5800D7B12F /* ContentViewSwitcher.swift */; };
/* End PBXBuildFile section */

/* Begin PBXContainerItemProxy section */
		B694F5592C42418200D7B12F /* PBXContainerItemProxy */ = {
			isa = PBXContainerItemProxy;
			containerPortal = B694F5402C42418000D7B12F /* Project object */;
			proxyType = 1;
			remoteGlobalIDString = B694F5472C42418000D7B12F;
			remoteInfo = goaround;
		};
		B694F5632C42418200D7B12F /* PBXContainerItemProxy */ = {
			isa = PBXContainerItemProxy;
			containerPortal = B694F5402C42418000D7B12F /* Project object */;
			proxyType = 1;
			remoteGlobalIDString = B694F5472C42418000D7B12F;
			remoteInfo = goaround;
		};
/* End PBXContainerItemProxy section */

/* Begin PBXFileReference section */
		B694F5482C42418000D7B12F /* goaround.app */ = {isa = PBXFileReference; explicitFileType = wrapper.application; includeInIndex = 0; path = goaround.app; sourceTree = BUILT_PRODUCTS_DIR; };
		B694F54B2C42418000D7B12F /* goaroundApp.swift */ = {isa = PBXFileReference; lastKnownFileType = sourcecode.swift; path = goaroundApp.swift; sourceTree = "<group>"; };
		B694F54D2C42418000D7B12F /* ContentView.swift */ = {isa = PBXFileReference; lastKnownFileType = sourcecode.swift; path = ContentView.swift; sourceTree = "<group>"; };
		B694F54F2C42418200D7B12F /* Assets.xcassets */ = {isa = PBXFileReference; lastKnownFileType = folder.assetcatalog; path = Assets.xcassets; sourceTree = "<group>"; };
		B694F5522C42418200D7B12F /* Preview Assets.xcassets */ = {isa = PBXFileReference; lastKnownFileType = folder.assetcatalog; path = "Preview Assets.xcassets"; sourceTree = "<group>"; };
		B694F5582C42418200D7B12F /* goaroundTests.xctest */ = {isa = PBXFileReference; explicitFileType = wrapper.cfbundle; includeInIndex = 0; path = goaroundTests.xctest; sourceTree = BUILT_PRODUCTS_DIR; };
		B694F55C2C42418200D7B12F /* goaroundTests.swift */ = {isa = PBXFileReference; lastKnownFileType = sourcecode.swift; path = goaroundTests.swift; sourceTree = "<group>"; };
		B694F5622C42418200D7B12F /* goaroundUITests.xctest */ = {isa = PBXFileReference; explicitFileType = wrapper.cfbundle; includeInIndex = 0; path = goaroundUITests.xctest; sourceTree = BUILT_PRODUCTS_DIR; };
		B694F5662C42418200D7B12F /* goaroundUITests.swift */ = {isa = PBXFileReference; lastKnownFileType = sourcecode.swift; path = goaroundUITests.swift; sourceTree = "<group>"; };
		B694F5682C42418200D7B12F /* goaroundUITestsLaunchTests.swift */ = {isa = PBXFileReference; lastKnownFileType = sourcecode.swift; path = goaroundUITestsLaunchTests.swift; sourceTree = "<group>"; };
		B694F5752C4242DD00D7B12F /* WebView.swift */ = {isa = PBXFileReference; lastKnownFileType = sourcecode.swift; path = WebView.swift; sourceTree = "<group>"; };
		B694F5772C4243FF00D7B12F /* SettingsView.swift */ = {isa = PBXFileReference; lastKnownFileType = sourcecode.swift; path = SettingsView.swift; sourceTree = "<group>"; };
		B694F5792C427B5800D7B12F /* ContentViewSwitcher.swift */ = {isa = PBXFileReference; lastKnownFileType = sourcecode.swift; path = ContentViewSwitcher.swift; sourceTree = "<group>"; };
/* End PBXFileReference section */

/* Begin PBXFrameworksBuildPhase section */
		B694F5452C42418000D7B12F /* Frameworks */ = {
			isa = PBXFrameworksBuildPhase;
			buildActionMask = 2147483647;
			files = (
			);
			runOnlyForDeploymentPostprocessing = 0;
		};
		B694F5552C42418200D7B12F /* Frameworks */ = {
			isa = PBXFrameworksBuildPhase;
			buildActionMask = 2147483647;
			files = (
			);
			runOnlyForDeploymentPostprocessing = 0;
		};
		B694F55F2C42418200D7B12F /* Frameworks */ = {
			isa = PBXFrameworksBuildPhase;
			buildActionMask = 2147483647;
			files = (
			);
			runOnlyForDeploymentPostprocessing = 0;
		};
/* End PBXFrameworksBuildPhase section */

/* Begin PBXGroup section */
		B694F53F2C42418000D7B12F = {
			isa = PBXGroup;
			children = (
				B694F54A2C42418000D7B12F /* goaround */,
				B694F55B2C42418200D7B12F /* goaroundTests */,
				B694F5652C42418200D7B12F /* goaroundUITests */,
				B694F5492C42418000D7B12F /* Products */,
			);
			sourceTree = "<group>";
		};
		B694F5492C42418000D7B12F /* Products */ = {
			isa = PBXGroup;
			children = (
				B694F5482C42418000D7B12F /* goaround.app */,
				B694F5582C42418200D7B12F /* goaroundTests.xctest */,
				B694F5622C42418200D7B12F /* goaroundUITests.xctest */,
			);
			name = Products;
			sourceTree = "<group>";
		};
		B694F54A2C42418000D7B12F /* goaround */ = {
			isa = PBXGroup;
			children = (
				B694F54B2C42418000D7B12F /* goaroundApp.swift */,
				B694F54D2C42418000D7B12F /* ContentView.swift */,
				B694F5752C4242DD00D7B12F /* WebView.swift */,
				B694F54F2C42418200D7B12F /* Assets.xcassets */,
				B694F5512C42418200D7B12F /* Preview Content */,
				B694F5772C4243FF00D7B12F /* SettingsView.swift */,
				B694F5792C427B5800D7B12F /* ContentViewSwitcher.swift */,
			);
			path = goaround;
			sourceTree = "<group>";
		};
		B694F5512C42418200D7B12F /* Preview Content */ = {
			isa = PBXGroup;
			children = (
				B694F5522C42418200D7B12F /* Preview Assets.xcassets */,
			);
			path = "Preview Content";
			sourceTree = "<group>";
		};
		B694F55B2C42418200D7B12F /* goaroundTests */ = {
			isa = PBXGroup;
			children = (
				B694F55C2C42418200D7B12F /* goaroundTests.swift */,
			);
			path = goaroundTests;
			sourceTree = "<group>";
		};
		B694F5652C42418200D7B12F /* goaroundUITests */ = {
			isa = PBXGroup;
			children = (
				B694F5662C42418200D7B12F /* goaroundUITests.swift */,
				B694F5682C42418200D7B12F /* goaroundUITestsLaunchTests.swift */,
			);
			path = goaroundUITests;
			sourceTree = "<group>";
		};
/* End PBXGroup section */

/* Begin PBXNativeTarget section */
		B694F5472C42418000D7B12F /* goaround */ = {
			isa = PBXNativeTarget;
			buildConfigurationList = B694F56C2C42418200D7B12F /* Build configuration list for PBXNativeTarget "goaround" */;
			buildPhases = (
				B694F5442C42418000D7B12F /* Sources */,
				B694F5452C42418000D7B12F /* Frameworks */,
				B694F5462C42418000D7B12F /* Resources */,
			);
			buildRules = (
			);
			dependencies = (
			);
			name = goaround;
			productName = goaround;
			productReference = B694F5482C42418000D7B12F /* goaround.app */;
			productType = "com.apple.product-type.application";
		};
		B694F5572C42418200D7B12F /* goaroundTests */ = {
			isa = PBXNativeTarget;
			buildConfigurationList = B694F56F2C42418200D7B12F /* Build configuration list for PBXNativeTarget "goaroundTests" */;
			buildPhases = (
				B694F5542C42418200D7B12F /* Sources */,
				B694F5552C42418200D7B12F /* Frameworks */,
				B694F5562C42418200D7B12F /* Resources */,
			);
			buildRules = (
			);
			dependencies = (
				B694F55A2C42418200D7B12F /* PBXTargetDependency */,
			);
			name = goaroundTests;
			productName = goaroundTests;
			productReference = B694F5582C42418200D7B12F /* goaroundTests.xctest */;
			productType = "com.apple.product-type.bundle.unit-test";
		};
		B694F5612C42418200D7B12F /* goaroundUITests */ = {
			isa = PBXNativeTarget;
			buildConfigurationList = B694F5722C42418200D7B12F /* Build configuration list for PBXNativeTarget "goaroundUITests" */;
			buildPhases = (
				B694F55E2C42418200D7B12F /* Sources */,
				B694F55F2C42418200D7B12F /* Frameworks */,
				B694F5602C42418200D7B12F /* Resources */,
			);
			buildRules = (
			);
			dependencies = (
				B694F5642C42418200D7B12F /* PBXTargetDependency */,
			);
			name = goaroundUITests;
			productName = goaroundUITests;
			productReference = B694F5622C42418200D7B12F /* goaroundUITests.xctest */;
			productType = "com.apple.product-type.bundle.ui-testing";
		};
/* End PBXNativeTarget section */

/* Begin PBXProject section */
		B694F5402C42418000D7B12F /* Project object */ = {
			isa = PBXProject;
			attributes = {
				BuildIndependentTargetsInParallel = 1;
				LastSwiftUpdateCheck = 1540;
				LastUpgradeCheck = 1540;
				TargetAttributes = {
					B694F5472C42418000D7B12F = {
						CreatedOnToolsVersion = 15.4;
					};
					B694F5572C42418200D7B12F = {
						CreatedOnToolsVersion = 15.4;
						TestTargetID = B694F5472C42418000D7B12F;
					};
					B694F5612C42418200D7B12F = {
						CreatedOnToolsVersion = 15.4;
						TestTargetID = B694F5472C42418000D7B12F;
					};
				};
			};
			buildConfigurationList = B694F5432C42418000D7B12F /* Build configuration list for PBXProject "goaround" */;
			compatibilityVersion = "Xcode 14.0";
			developmentRegion = en;
			hasScannedForEncodings = 0;
			knownRegions = (
				en,
				Base,
			);
			mainGroup = B694F53F2C42418000D7B12F;
			productRefGroup = B694F5492C42418000D7B12F /* Products */;
			projectDirPath = "";
			projectRoot = "";
			targets = (
				B694F5472C42418000D7B12F /* goaround */,
				B694F5572C42418200D7B12F /* goaroundTests */,
				B694F5612C42418200D7B12F /* goaroundUITests */,
			);
		};
/* End PBXProject section */

/* Begin PBXResourcesBuildPhase section */
		B694F5462C42418000D7B12F /* Resources */ = {
			isa = PBXResourcesBuildPhase;
			buildActionMask = 2147483647;
			files = (
				B694F5532C42418200D7B12F /* Preview Assets.xcassets in Resources */,
				B694F5502C42418200D7B12F /* Assets.xcassets in Resources */,
			);
			runOnlyForDeploymentPostprocessing = 0;
		};
		B694F5562C42418200D7B12F /* Resources */ = {
			isa = PBXResourcesBuildPhase;
			buildActionMask = 2147483647;
			files = (
			);
			runOnlyForDeploymentPostprocessing = 0;
		};
		B694F5602C42418200D7B12F /* Resources */ = {
			isa = PBXResourcesBuildPhase;
			buildActionMask = 2147483647;
			files = (
			);
			runOnlyForDeploymentPostprocessing = 0;
		};
/* End PBXResourcesBuildPhase section */

/* Begin PBXSourcesBuildPhase section */
		B694F5442C42418000D7B12F /* Sources */ = {
			isa = PBXSourcesBuildPhase;
			buildActionMask = 2147483647;
			files = (
				B694F54E2C42418000D7B12F /* ContentView.swift in Sources */,
				B694F5782C4243FF00D7B12F /* SettingsView.swift in Sources */,
				B694F57A2C427B5800D7B12F /* ContentViewSwitcher.swift in Sources */,
				B694F5762C4242DD00D7B12F /* WebView.swift in Sources */,
				B694F54C2C42418000D7B12F /* goaroundApp.swift in Sources */,
			);
			runOnlyForDeploymentPostprocessing = 0;
		};
		B694F5542C42418200D7B12F /* Sources */ = {
			isa = PBXSourcesBuildPhase;
			buildActionMask = 2147483647;
			files = (
				B694F55D2C42418200D7B12F /* goaroundTests.swift in Sources */,
			);
			runOnlyForDeploymentPostprocessing = 0;
		};
		B694F55E2C42418200D7B12F /* Sources */ = {
			isa = PBXSourcesBuildPhase;
			buildActionMask = 2147483647;
			files = (
				B694F5692C42418200D7B12F /* goaroundUITestsLaunchTests.swift in Sources */,
				B694F5672C42418200D7B12F /* goaroundUITests.swift in Sources */,
			);
			runOnlyForDeploymentPostprocessing = 0;
		};
/* End PBXSourcesBuildPhase section */

/* Begin PBXTargetDependency section */
		B694F55A2C42418200D7B12F /* PBXTargetDependency */ = {
			isa = PBXTargetDependency;
			target = B694F5472C42418000D7B12F /* goaround */;
			targetProxy = B694F5592C42418200D7B12F /* PBXContainerItemProxy */;
		};
		B694F5642C42418200D7B12F /* PBXTargetDependency */ = {
			isa = PBXTargetDependency;
			target = B694F5472C42418000D7B12F /* goaround */;
			targetProxy = B694F5632C42418200D7B12F /* PBXContainerItemProxy */;
		};
/* End PBXTargetDependency section */

/* Begin XCBuildConfiguration section */
		B694F56A2C42418200D7B12F /* Debug */ = {
			isa = XCBuildConfiguration;
			buildSettings = {
				ALWAYS_SEARCH_USER_PATHS = NO;
				ASSETCATALOG_COMPILER_GENERATE_SWIFT_ASSET_SYMBOL_EXTENSIONS = YES;
				CLANG_ANALYZER_NONNULL = YES;
				CLANG_ANALYZER_NUMBER_OBJECT_CONVERSION = YES_AGGRESSIVE;
				CLANG_CXX_LANGUAGE_STANDARD = "gnu++20";
				CLANG_ENABLE_MODULES = YES;
				CLANG_ENABLE_OBJC_ARC = YES;
				CLANG_ENABLE_OBJC_WEAK = YES;
				CLANG_WARN_BLOCK_CAPTURE_AUTORELEASING = YES;
				CLANG_WARN_BOOL_CONVERSION = YES;
				CLANG_WARN_COMMA = YES;
				CLANG_WARN_CONSTANT_CONVERSION = YES;
				CLANG_WARN_DEPRECATED_OBJC_IMPLEMENTATIONS = YES;
				CLANG_WARN_DIRECT_OBJC_ISA_USAGE = YES_ERROR;
				CLANG_WARN_DOCUMENTATION_COMMENTS = YES;
				CLANG_WARN_EMPTY_BODY = YES;
				CLANG_WARN_ENUM_CONVERSION = YES;
				CLANG_WARN_INFINITE_RECURSION = YES;
				CLANG_WARN_INT_CONVERSION = YES;
				CLANG_WARN_NON_LITERAL_NULL_CONVERSION = YES;
				CLANG_WARN_OBJC_IMPLICIT_RETAIN_SELF = YES;
				CLANG_WARN_OBJC_LITERAL_CONVERSION = YES;
				CLANG_WARN_OBJC_ROOT_CLASS = YES_ERROR;
				CLANG_WARN_QUOTED_INCLUDE_IN_FRAMEWORK_HEADER = YES;
				CLANG_WARN_RANGE_LOOP_ANALYSIS = YES;
				CLANG_WARN_STRICT_PROTOTYPES = YES;
				CLANG_WARN_SUSPICIOUS_MOVE = YES;
				CLANG_WARN_UNGUARDED_AVAILABILITY = YES_AGGRESSIVE;
				CLANG_WARN_UNREACHABLE_CODE = YES;
				CLANG_WARN__DUPLICATE_METHOD_MATCH = YES;
				COPY_PHASE_STRIP = NO;
				DEBUG_INFORMATION_FORMAT = dwarf;
				ENABLE_STRICT_OBJC_MSGSEND = YES;
				ENABLE_TESTABILITY = YES;
				ENABLE_USER_SCRIPT_SANDBOXING = YES;
				GCC_C_LANGUAGE_STANDARD = gnu17;
				GCC_DYNAMIC_NO_PIC = NO;
				GCC_NO_COMMON_BLOCKS = YES;
				GCC_OPTIMIZATION_LEVEL = 0;
				GCC_PREPROCESSOR_DEFINITIONS = (
					"DEBUG=1",
					"$(inherited)",
				);
				GCC_WARN_64_TO_32_BIT_CONVERSION = YES;
				GCC_WARN_ABOUT_RETURN_TYPE = YES_ERROR;
				GCC_WARN_UNDECLARED_SELECTOR = YES;
				GCC_WARN_UNINITIALIZED_AUTOS = YES_AGGRESSIVE;
				GCC_WARN_UNUSED_FUNCTION = YES;
				GCC_WARN_UNUSED_VARIABLE = YES;
				IPHONEOS_DEPLOYMENT_TARGET = 17.5;
				LOCALIZATION_PREFERS_STRING_CATALOGS = YES;
				MTL_ENABLE_DEBUG_INFO = INCLUDE_SOURCE;
				MTL_FAST_MATH = YES;
				ONLY_ACTIVE_ARCH = YES;
				SDKROOT = iphoneos;
				SWIFT_ACTIVE_COMPILATION_CONDITIONS = "DEBUG $(inherited)";
				SWIFT_OPTIMIZATION_LEVEL = "-Onone";
			};
			name = Debug;
		};
		B694F56B2C42418200D7B12F /* Release */ = {
			isa = XCBuildConfiguration;
			buildSettings = {
				ALWAYS_SEARCH_USER_PATHS = NO;
				ASSETCATALOG_COMPILER_GENERATE_SWIFT_ASSET_SYMBOL_EXTENSIONS = YES;
				CLANG_ANALYZER_NONNULL = YES;
				CLANG_ANALYZER_NUMBER_OBJECT_CONVERSION = YES_AGGRESSIVE;
				CLANG_CXX_LANGUAGE_STANDARD = "gnu++20";
				CLANG_ENABLE_MODULES = YES;
				CLANG_ENABLE_OBJC_ARC = YES;
				CLANG_ENABLE_OBJC_WEAK = YES;
				CLANG_WARN_BLOCK_CAPTURE_AUTORELEASING = YES;
				CLANG_WARN_BOOL_CONVERSION = YES;
				CLANG_WARN_COMMA = YES;
				CLANG_WARN_CONSTANT_CONVERSION = YES;
				CLANG_WARN_DEPRECATED_OBJC_IMPLEMENTATIONS = YES;
				CLANG_WARN_DIRECT_OBJC_ISA_USAGE = YES_ERROR;
				CLANG_WARN_DOCUMENTATION_COMMENTS = YES;
				CLANG_WARN_EMPTY_BODY = YES;
				CLANG_WARN_ENUM_CONVERSION = YES;
				CLANG_WARN_INFINITE_RECURSION = YES;
				CLANG_WARN_INT_CONVERSION = YES;
				CLANG_WARN_NON_LITERAL_NULL_CONVERSION = YES;
				CLANG_WARN_OBJC_IMPLICIT_RETAIN_SELF = YES;
				CLANG_WARN_OBJC_LITERAL_CONVERSION = YES;
				CLANG_WARN_OBJC_ROOT_CLASS = YES_ERROR;
				CLANG_WARN_QUOTED_INCLUDE_IN_FRAMEWORK_HEADER = YES;
				CLANG_WARN_RANGE_LOOP_ANALYSIS = YES;
				CLANG_WARN_STRICT_PROTOTYPES = YES;
				CLANG_WARN_SUSPICIOUS_MOVE = YES;
				CLANG_WARN_UNGUARDED_AVAILABILITY = YES_AGGRESSIVE;
				CLANG_WARN_UNREACHABLE_CODE = YES;
				CLANG_WARN__DUPLICATE_METHOD_MATCH = YES;
				COPY_PHASE_STRIP = NO;
				DEBUG_INFORMATION_FORMAT = "dwarf-with-dsym";
				ENABLE_NS_ASSERTIONS = NO;
				ENABLE_STRICT_OBJC_MSGSEND = YES;
				ENABLE_USER_SCRIPT_SANDBOXING = YES;
				GCC_C_LANGUAGE_STANDARD = gnu17;
				GCC_NO_COMMON_BLOCKS = YES;
				GCC_WARN_64_TO_32_BIT_CONVERSION = YES;
				GCC_WARN_ABOUT_RETURN_TYPE = YES_ERROR;
				GCC_WARN_UNDECLARED_SELECTOR = YES;
				GCC_WARN_UNINITIALIZED_AUTOS = YES_AGGRESSIVE;
				GCC_WARN_UNUSED_FUNCTION = YES;
				GCC_WARN_UNUSED_VARIABLE = YES;
				IPHONEOS_DEPLOYMENT_TARGET = 17.5;
				LOCALIZATION_PREFERS_STRING_CATALOGS = YES;
				MTL_ENABLE_DEBUG_INFO = NO;
				MTL_FAST_MATH = YES;
				SDKROOT = iphoneos;
				SWIFT_COMPILATION_MODE = wholemodule;
				VALIDATE_PRODUCT = YES;
			};
			name = Release;
		};
		B694F56D2C42418200D7B12F /* Debug */ = {
			isa = XCBuildConfiguration;
			buildSettings = {
				ASSETCATALOG_COMPILER_APPICON_NAME = AppIcon;
				ASSETCATALOG_COMPILER_GLOBAL_ACCENT_COLOR_NAME = AccentColor;
				CODE_SIGN_STYLE = Automatic;
				CURRENT_PROJECT_VERSION = 1;
				DEVELOPMENT_ASSET_PATHS = "\"goaround/Preview Content\"";
				DEVELOPMENT_TEAM = EF39UK9PB5;
				ENABLE_PREVIEWS = YES;
				GENERATE_INFOPLIST_FILE = YES;
				INFOPLIST_KEY_UIApplicationSceneManifest_Generation = YES;
				INFOPLIST_KEY_UIApplicationSupportsIndirectInputEvents = YES;
				INFOPLIST_KEY_UILaunchScreen_Generation = YES;
				INFOPLIST_KEY_UISupportedInterfaceOrientations_iPad = "UIInterfaceOrientationPortrait UIInterfaceOrientationPortraitUpsideDown UIInterfaceOrientationLandscapeLeft UIInterfaceOrientationLandscapeRight";
				INFOPLIST_KEY_UISupportedInterfaceOrientations_iPhone = "UIInterfaceOrientationPortrait UIInterfaceOrientationLandscapeLeft UIInterfaceOrientationLandscapeRight";
				LD_RUNPATH_SEARCH_PATHS = (
					"$(inherited)",
					"@executable_path/Frameworks",
				);
				MARKETING_VERSION = 1.0;
				PRODUCT_BUNDLE_IDENTIFIER = yj.goaround;
				PRODUCT_NAME = "$(TARGET_NAME)";
				SWIFT_EMIT_LOC_STRINGS = YES;
				SWIFT_VERSION = 5.0;
				TARGETED_DEVICE_FAMILY = "1,2";
			};
			name = Debug;
		};
		B694F56E2C42418200D7B12F /* Release */ = {
			isa = XCBuildConfiguration;
			buildSettings = {
				ASSETCATALOG_COMPILER_APPICON_NAME = AppIcon;
				ASSETCATALOG_COMPILER_GLOBAL_ACCENT_COLOR_NAME = AccentColor;
				CODE_SIGN_STYLE = Automatic;
				CURRENT_PROJECT_VERSION = 1;
				DEVELOPMENT_ASSET_PATHS = "\"goaround/Preview Content\"";
				DEVELOPMENT_TEAM = EF39UK9PB5;
				ENABLE_PREVIEWS = YES;
				GENERATE_INFOPLIST_FILE = YES;
				INFOPLIST_KEY_UIApplicationSceneManifest_Generation = YES;
				INFOPLIST_KEY_UIApplicationSupportsIndirectInputEvents = YES;
				INFOPLIST_KEY_UILaunchScreen_Generation = YES;
				INFOPLIST_KEY_UISupportedInterfaceOrientations_iPad = "UIInterfaceOrientationPortrait UIInterfaceOrientationPortraitUpsideDown UIInterfaceOrientationLandscapeLeft UIInterfaceOrientationLandscapeRight";
				INFOPLIST_KEY_UISupportedInterfaceOrientations_iPhone = "UIInterfaceOrientationPortrait UIInterfaceOrientationLandscapeLeft UIInterfaceOrientationLandscapeRight";
				LD_RUNPATH_SEARCH_PATHS = (
					"$(inherited)",
					"@executable_path/Frameworks",
				);
				MARKETING_VERSION = 1.0;
				PRODUCT_BUNDLE_IDENTIFIER = yj.goaround;
				PRODUCT_NAME = "$(TARGET_NAME)";
				SWIFT_EMIT_LOC_STRINGS = YES;
				SWIFT_VERSION = 5.0;
				TARGETED_DEVICE_FAMILY = "1,2";
			};
			name = Release;
		};
		B694F5702C42418200D7B12F /* Debug */ = {
			isa = XCBuildConfiguration;
			buildSettings = {
				ALWAYS_EMBED_SWIFT_STANDARD_LIBRARIES = YES;
				BUNDLE_LOADER = "$(TEST_HOST)";
				CODE_SIGN_STYLE = Automatic;
				CURRENT_PROJECT_VERSION = 1;
				DEVELOPMENT_TEAM = EF39UK9PB5;
				GENERATE_INFOPLIST_FILE = YES;
				IPHONEOS_DEPLOYMENT_TARGET = 17.5;
				MARKETING_VERSION = 1.0;
				PRODUCT_BUNDLE_IDENTIFIER = yj.goaroundTests;
				PRODUCT_NAME = "$(TARGET_NAME)";
				SWIFT_EMIT_LOC_STRINGS = NO;
				SWIFT_VERSION = 5.0;
				TARGETED_DEVICE_FAMILY = "1,2";
				TEST_HOST = "$(BUILT_PRODUCTS_DIR)/goaround.app/$(BUNDLE_EXECUTABLE_FOLDER_PATH)/goaround";
			};
			name = Debug;
		};
		B694F5712C42418200D7B12F /* Release */ = {
			isa = XCBuildConfiguration;
			buildSettings = {
				ALWAYS_EMBED_SWIFT_STANDARD_LIBRARIES = YES;
				BUNDLE_LOADER = "$(TEST_HOST)";
				CODE_SIGN_STYLE = Automatic;
				CURRENT_PROJECT_VERSION = 1;
				DEVELOPMENT_TEAM = EF39UK9PB5;
				GENERATE_INFOPLIST_FILE = YES;
				IPHONEOS_DEPLOYMENT_TARGET = 17.5;
				MARKETING_VERSION = 1.0;
				PRODUCT_BUNDLE_IDENTIFIER = yj.goaroundTests;
				PRODUCT_NAME = "$(TARGET_NAME)";
				SWIFT_EMIT_LOC_STRINGS = NO;
				SWIFT_VERSION = 5.0;
				TARGETED_DEVICE_FAMILY = "1,2";
				TEST_HOST = "$(BUILT_PRODUCTS_DIR)/goaround.app/$(BUNDLE_EXECUTABLE_FOLDER_PATH)/goaround";
			};
			name = Release;
		};
		B694F5732C42418200D7B12F /* Debug */ = {
			isa = XCBuildConfiguration;
			buildSettings = {
				ALWAYS_EMBED_SWIFT_STANDARD_LIBRARIES = YES;
				CODE_SIGN_STYLE = Automatic;
				CURRENT_PROJECT_VERSION = 1;
				DEVELOPMENT_TEAM = EF39UK9PB5;
				GENERATE_INFOPLIST_FILE = YES;
				MARKETING_VERSION = 1.0;
				PRODUCT_BUNDLE_IDENTIFIER = yj.goaroundUITests;
				PRODUCT_NAME = "$(TARGET_NAME)";
				SWIFT_EMIT_LOC_STRINGS = NO;
				SWIFT_VERSION = 5.0;
				TARGETED_DEVICE_FAMILY = "1,2";
				TEST_TARGET_NAME = goaround;
			};
			name = Debug;
		};
		B694F5742C42418200D7B12F /* Release */ = {
			isa = XCBuildConfiguration;
			buildSettings = {
				ALWAYS_EMBED_SWIFT_STANDARD_LIBRARIES = YES;
				CODE_SIGN_STYLE = Automatic;
				CURRENT_PROJECT_VERSION = 1;
				DEVELOPMENT_TEAM = EF39UK9PB5;
				GENERATE_INFOPLIST_FILE = YES;
				MARKETING_VERSION = 1.0;
				PRODUCT_BUNDLE_IDENTIFIER = yj.goaroundUITests;
				PRODUCT_NAME = "$(TARGET_NAME)";
				SWIFT_EMIT_LOC_STRINGS = NO;
				SWIFT_VERSION = 5.0;
				TARGETED_DEVICE_FAMILY = "1,2";
				TEST_TARGET_NAME = goaround;
			};
			name = Release;
		};
/* End XCBuildConfiguration section */

/* Begin XCConfigurationList section */
		B694F5432C42418000D7B12F /* Build configuration list for PBXProject "goaround" */ = {
			isa = XCConfigurationList;
			buildConfigurations = (
				B694F56A2C42418200D7B12F /* Debug */,
				B694F56B2C42418200D7B12F /* Release */,
			);
			defaultConfigurationIsVisible = 0;
			defaultConfigurationName = Release;
		};
		B694F56C2C42418200D7B12F /* Build configuration list for PBXNativeTarget "goaround" */ = {
			isa = XCConfigurationList;
			buildConfigurations = (
				B694F56D2C42418200D7B12F /* Debug */,
				B694F56E2C42418200D7B12F /* Release */,
			);
			defaultConfigurationIsVisible = 0;
			defaultConfigurationName = Release;
		};
		B694F56F2C42418200D7B12F /* Build configuration list for PBXNativeTarget "goaroundTests" */ = {
			isa = XCConfigurationList;
			buildConfigurations = (
				B694F5702C42418200D7B12F /* Debug */,
				B694F5712C42418200D7B12F /* Release */,
			);
			defaultConfigurationIsVisible = 0;
			defaultConfigurationName = Release;
		};
		B694F5722C42418200D7B12F /* Build configuration list for PBXNativeTarget "goaroundUITests" */ = {
			isa = XCConfigurationList;
			buildConfigurations = (
				B694F5732C42418200D7B12F /* Debug */,
				B694F5742C42418200D7B12F /* Release */,
			);
			defaultConfigurationIsVisible = 0;
			defaultConfigurationName = Release;
		};
/* End XCConfigurationList section */
	};
	rootObject = B694F5402C42418000D7B12F /* Project object */;
}
